<?xml version="1.0" encoding="UTF-8" standalone="yes" ?>
<CodeBlocks_project_file>
	<FileVersion major="1" minor="6" />
	<Project>
		<Option title="Final" />
		<Option pch_mode="2" />
		<Option compiler="gcc" />
		<Build>
			<Target title="Debug">
				<Option output="bin/Debug/Final" prefix_auto="1" extension_auto="1" />
				<Option object_output="obj/Debug/" />
				<Option type="1" />
				<Option compiler="gcc" />
				<Compiler>
					<Add option="-g" />
				</Compiler>
			</Target>
			<Target title="Release">
				<Option output="bin/Release/Final" prefix_auto="1" extension_auto="1" />
				<Option object_output="obj/Release/" />
				<Option type="1" />
				<Option compiler="gcc" />
				<Compiler>
					<Add option="-O2" />
				</Compiler>
				<Linker>
					<Add option="-s" />
				</Linker>
			</Target>
		</Build>
		<Compiler>
			<Add option="-Wall" />
		</Compiler>
		<Unit filename="Actions.c">
			<Option compilerVar="CC" />
		</Unit>
		<Unit filename="Actions.h" />
		<Unit filename="GVariables.h" />
		<Unit filename="NewGame.c">
			<Option compilerVar="CC" />
		</Unit>
		<Unit filename="NewGame.h" />
		<Unit filename="Read&amp;Write.c">
			<Option compilerVar="CC" />
		</Unit>
		<Unit filename="Read&amp;Write.h" />
		<Unit filename="Save&amp;Load.c">
			<Option compilerVar="CC" />
		</Unit>
		<Unit filename="Save&amp;Load.h" />
		<Unit filename="SettingGameUp.c">
			<Option compilerVar="CC" />
		</Unit>
		<Unit filename="SettingGameUp.h" />
		<Unit filename="Welcome.c">
			<Option compilerVar="CC" />
		</Unit>
		<Unit filename="Welcome.h" />
		<Unit filename="main.c">
			<Option compilerVar="CC" />
		</Unit>
		<Extensions>
			<code_completion />
			<envvars />
			<debugger />
			<lib_finder disable_auto="1" />
		</Extensions>
	</Project>
</CodeBlocks_project_file>
